
Microsoft Visual Studio Solution File, Format Version 12.00
# Visual Studio Version 17
VisualStudioVersion = 17.7.34031.279
MinimumVisualStudioVersion = 10.0.40219.1
Project("{F2A71F9B-5D33-465A-A702-920D77279786}") = "PaintingShop.Core", "PaintingShop.Core\PaintingShop.Core.fsproj", "{1317F953-5992-4C60-A248-87F317E4F032}"
EndProject
Project("{F2A71F9B-5D33-465A-A702-920D77279786}") = "PaintingShop.Tests", "PaintingShop.Tests\PaintingShop.Tests.fsproj", "{88745A8D-9A27-46CA-B9E3-92659299CCED}"
EndProject
Project("{FAE04EC0-301F-11D3-BF4B-00C04F79EFBC}") = "PaintingShop.Storage", "PaintingShop.Storage\PaintingShop.Storage.csproj", "{3F1204A8-9261-4DE6-AFA2-630EBC1360CF}"
EndProject
Global
	GlobalSection(SolutionConfigurationPlatforms) = preSolution
		Debug|Any CPU = Debug|Any CPU
		Release|Any CPU = Release|Any CPU
	EndGlobalSection
	GlobalSection(ProjectConfigurationPlatforms) = postSolution
		{1317F953-5992-4C60-A248-87F317E4F032}.Debug|Any CPU.ActiveCfg = Debug|Any CPU
		{1317F953-5992-4C60-A248-87F317E4F032}.Debug|Any CPU.Build.0 = Debug|Any CPU
		{1317F953-5992-4C60-A248-87F317E4F032}.Release|Any CPU.ActiveCfg = Release|Any CPU
		{1317F953-5992-4C60-A248-87F317E4F032}.Release|Any CPU.Build.0 = Release|Any CPU
		{88745A8D-9A27-46CA-B9E3-92659299CCED}.Debug|Any CPU.ActiveCfg = Debug|Any CPU
		{88745A8D-9A27-46CA-B9E3-92659299CCED}.Debug|Any CPU.Build.0 = Debug|Any CPU
		{88745A8D-9A27-46CA-B9E3-92659299CCED}.Release|Any CPU.ActiveCfg = Release|Any CPU
		{88745A8D-9A27-46CA-B9E3-92659299CCED}.Release|Any CPU.Build.0 = Release|Any CPU
		{3F1204A8-9261-4DE6-AFA2-630EBC1360CF}.Debug|Any CPU.ActiveCfg = Debug|Any CPU
		{3F1204A8-9261-4DE6-AFA2-630EBC1360CF}.Debug|Any CPU.Build.0 = Debug|Any CPU
		{3F1204A8-9261-4DE6-AFA2-630EBC1360CF}.Release|Any CPU.ActiveCfg = Release|Any CPU
		{3F1204A8-9261-4DE6-AFA2-630EBC1360CF}.Release|Any CPU.Build.0 = Release|Any CPU
	EndGlobalSection
	GlobalSection(SolutionProperties) = preSolution
		HideSolutionNode = FALSE
	EndGlobalSection
	GlobalSection(ExtensibilityGlobals) = postSolution
		SolutionGuid = {401D49EF-19CB-4030-B7D3-B1B8A0308465}
	EndGlobalSection
EndGlobal
